{
  "name": "brainml",
  "version": "1.0.0",
  "lockfileVersion": 1,
  "requires": true,
  "dependencies": {
    "acorn": {
      "version": "5.7.3",
      "resolved": "https://registry.npmjs.org/acorn/-/acorn-5.7.3.tgz",
      "integrity": "sha512-T/zvzYRfbVojPWahDsE5evJdHb3oJoQfFbsrKM7w5Zcs++Tr257tia3BmMP8XYVjp1S9RZXQMh7gao96BlqZOw=="
    },
    "brain.js": {
      "version": "1.4.2",
      "resolved": "https://registry.npmjs.org/brain.js/-/brain.js-1.4.2.tgz",
      "integrity": "sha512-2BhcgKyFAZLoOmXt5vhc9xKbh9z64h02Yw9rS0NGoIHOGQH919EZhQMbtU6OVUfEgSbwJDXS0zScjSkg8qiJEw==",
      "requires": {
        "gpu.js": "^1.2.0",
        "thaw.js": "^2.0.0"
      }
    },
    "gpu.js": {
      "version": "1.8.1",
      "resolved": "https://registry.npmjs.org/gpu.js/-/gpu.js-1.8.1.tgz",
      "integrity": "sha512-Glpgu8JihpzLo3OZXtdoKCWIE/W61cjNGwb27RXvXAhCnE/DSz3/PeL6rYpk56yZAvjMgXlgAN6NM7fot0NNFQ==",
      "requires": {
        "acorn": "^5.1.1"
      }
    },
    "graceful-fs": {
      "version": "4.1.11",
      "resolved": "https://registry.npmjs.org/graceful-fs/-/graceful-fs-4.1.11.tgz",
      "integrity": "sha1-Dovf5NHduIVNZOBOp8AOKgJuVlg=",
      "optional": true
    },
    "jsonfile": {
      "version": "5.0.0",
      "resolved": "https://registry.npmjs.org/jsonfile/-/jsonfile-5.0.0.tgz",
      "integrity": "sha512-NQRZ5CRo74MhMMC3/3r5g2k4fjodJ/wh8MxjFbCViWKFjxrnudWSY5vomh+23ZaXzAS7J3fBZIR2dV6WbmfM0w==",
      "requires": {
        "graceful-fs": "^4.1.6",
        "universalify": "^0.1.2"
      }
    },
    "thaw.js": {
      "version": "2.0.0",
      "resolved": "https://registry.npmjs.org/thaw.js/-/thaw.js-2.0.0.tgz",
      "integrity": "sha1-RSvF1+4s4bb5IDewW1BsvWVikdA="
    },
    "universalify": {
      "version": "0.1.2",
      "resolved": "https://registry.npmjs.org/universalify/-/universalify-0.1.2.tgz",
      "integrity": "sha512-rBJeI5CXAlmy1pV+617WB9J63U6XcazHHF2f2dbJix4XzpUF0RS3Zbj0FGIOCAva5P/d/GBOYaACQ1w+0azUkg=="
    }
  }
}
